
Microsoft Visual Studio Solution File, Format Version 12.00
# Visual Studio Version 17
VisualStudioVersion = 17.7.34024.191
MinimumVisualStudioVersion = 10.0.40219.1
Project("{FAE04EC0-301F-11D3-BF4B-00C04F79EFBC}") = "secondproject1", "secondproject1\secondproject1.csproj", "{4C328A7B-A686-4D7F-BC41-B49C4D08BF4D}"
EndProject
Global
	GlobalSection(SolutionConfigurationPlatforms) = preSolution
		Debug|Any CPU = Debug|Any CPU
		Release|Any CPU = Release|Any CPU
	EndGlobalSection
	GlobalSection(ProjectConfigurationPlatforms) = postSolution
		{4C328A7B-A686-4D7F-BC41-B49C4D08BF4D}.Debug|Any CPU.ActiveCfg = Debug|Any CPU
		{4C328A7B-A686-4D7F-BC41-B49C4D08BF4D}.Debug|Any CPU.Build.0 = Debug|Any CPU
		{4C328A7B-A686-4D7F-BC41-B49C4D08BF4D}.Release|Any CPU.ActiveCfg = Release|Any CPU
		{4C328A7B-A686-4D7F-BC41-B49C4D08BF4D}.Release|Any CPU.Build.0 = Release|Any CPU
	EndGlobalSection
	GlobalSection(SolutionProperties) = preSolution
		HideSolutionNode = FALSE
	EndGlobalSection
	GlobalSection(ExtensibilityGlobals) = postSolution
		SolutionGuid = {D95C8C96-47D6-48A5-B9F3-FB3770FF0BA6}
	EndGlobalSection
EndGlobal
